
Microsoft Visual Studio Solution File, Format Version 12.00
# Visual Studio Version 17
VisualStudioVersion = 17.14.36401.2
MinimumVisualStudioVersion = 10.0.40219.1
Project("{FAE04EC0-301F-11D3-BF4B-00C04F79EFBC}") = "FlagExplorer.Core", "FlagExplorer.Core\FlagExplorer.Core.csproj", "{07FF9728-2610-4EC1-86A6-185AA6F35B79}"
EndProject
Project("{FAE04EC0-301F-11D3-BF4B-00C04F79EFBC}") = "FlagExplorer.Application", "FlagExplorer.Application\FlagExplorer.Application.csproj", "{0DCA4ACF-BE76-4C16-BDF7-FA11F5C8A67B}"
EndProject
Project("{FAE04EC0-301F-11D3-BF4B-00C04F79EFBC}") = "FlagExplorer.Infrastructure", "FlagExplorer.Infrastructure\FlagExplorer.Infrastructure.csproj", "{D125281B-73E0-4638-A4D5-A59A7E7FF8E0}"
EndProject
Project("{FAE04EC0-301F-11D3-BF4B-00C04F79EFBC}") = "FlagExplorer.Api", "FlagExplorer.Api\FlagExplorer.Api.csproj", "{4F3F8189-D83D-49B8-929B-FBF20E16D741}"
EndProject
Project("{2150E333-8FDC-42A3-9474-1A3956D46DE8}") = "Tests", "Tests", "{02EA681E-C7D8-13C7-8484-4AC65E1B71E8}"
EndProject
Project("{FAE04EC0-301F-11D3-BF4B-00C04F79EFBC}") = "FlagExplorer.Api.Tests", "FlagExplorer.Api.Tests\FlagExplorer.Api.Tests.csproj", "{3D0AA5A0-E87B-46D2-9F5B-26DAD43A7783}"
EndProject
Global
	GlobalSection(SolutionConfigurationPlatforms) = preSolution
		Debug|Any CPU = Debug|Any CPU
		Release|Any CPU = Release|Any CPU
	EndGlobalSection
	GlobalSection(ProjectConfigurationPlatforms) = postSolution
		{07FF9728-2610-4EC1-86A6-185AA6F35B79}.Debug|Any CPU.ActiveCfg = Debug|Any CPU
		{07FF9728-2610-4EC1-86A6-185AA6F35B79}.Debug|Any CPU.Build.0 = Debug|Any CPU
		{07FF9728-2610-4EC1-86A6-185AA6F35B79}.Release|Any CPU.ActiveCfg = Release|Any CPU
		{07FF9728-2610-4EC1-86A6-185AA6F35B79}.Release|Any CPU.Build.0 = Release|Any CPU
		{0DCA4ACF-BE76-4C16-BDF7-FA11F5C8A67B}.Debug|Any CPU.ActiveCfg = Debug|Any CPU
		{0DCA4ACF-BE76-4C16-BDF7-FA11F5C8A67B}.Debug|Any CPU.Build.0 = Debug|Any CPU
		{0DCA4ACF-BE76-4C16-BDF7-FA11F5C8A67B}.Release|Any CPU.ActiveCfg = Release|Any CPU
		{0DCA4ACF-BE76-4C16-BDF7-FA11F5C8A67B}.Release|Any CPU.Build.0 = Release|Any CPU
		{D125281B-73E0-4638-A4D5-A59A7E7FF8E0}.Debug|Any CPU.ActiveCfg = Debug|Any CPU
		{D125281B-73E0-4638-A4D5-A59A7E7FF8E0}.Debug|Any CPU.Build.0 = Debug|Any CPU
		{D125281B-73E0-4638-A4D5-A59A7E7FF8E0}.Release|Any CPU.ActiveCfg = Release|Any CPU
		{D125281B-73E0-4638-A4D5-A59A7E7FF8E0}.Release|Any CPU.Build.0 = Release|Any CPU
		{4F3F8189-D83D-49B8-929B-FBF20E16D741}.Debug|Any CPU.ActiveCfg = Debug|Any CPU
		{4F3F8189-D83D-49B8-929B-FBF20E16D741}.Debug|Any CPU.Build.0 = Debug|Any CPU
		{4F3F8189-D83D-49B8-929B-FBF20E16D741}.Release|Any CPU.ActiveCfg = Release|Any CPU
		{4F3F8189-D83D-49B8-929B-FBF20E16D741}.Release|Any CPU.Build.0 = Release|Any CPU
		{3D0AA5A0-E87B-46D2-9F5B-26DAD43A7783}.Debug|Any CPU.ActiveCfg = Debug|Any CPU
		{3D0AA5A0-E87B-46D2-9F5B-26DAD43A7783}.Debug|Any CPU.Build.0 = Debug|Any CPU
		{3D0AA5A0-E87B-46D2-9F5B-26DAD43A7783}.Release|Any CPU.ActiveCfg = Release|Any CPU
		{3D0AA5A0-E87B-46D2-9F5B-26DAD43A7783}.Release|Any CPU.Build.0 = Release|Any CPU
	EndGlobalSection
	GlobalSection(SolutionProperties) = preSolution
		HideSolutionNode = FALSE
	EndGlobalSection
	GlobalSection(NestedProjects) = preSolution
		{3D0AA5A0-E87B-46D2-9F5B-26DAD43A7783} = {02EA681E-C7D8-13C7-8484-4AC65E1B71E8}
	EndGlobalSection
	GlobalSection(ExtensibilityGlobals) = postSolution
		SolutionGuid = {7990D65F-78B4-4ABD-B6C8-4F35BDCEA938}
	EndGlobalSection
EndGlobal
